
Microsoft Visual Studio Solution File, Format Version 12.00
# Visual Studio 15
VisualStudioVersion = 15.0.28307.1321
MinimumVisualStudioVersion = 10.0.40219.1
Project("{FAE04EC0-301F-11D3-BF4B-00C04F79EFBC}") = "Brainfuck", "Brainfuck\Brainfuck.csproj", "{F50C240D-7A78-4D49-8866-2BB2D52074A9}"
EndProject
Project("{FAE04EC0-301F-11D3-BF4B-00C04F79EFBC}") = "Brainfuck.VM", "Brainfuck.VM\Brainfuck.VM.csproj", "{78D7280E-FE64-4EFC-8930-3059A4671871}"
EndProject
Project("{FAE04EC0-301F-11D3-BF4B-00C04F79EFBC}") = "Brainfuck.Compile", "Brainfuck.Compile\Brainfuck.Compile.csproj", "{E73C3E9D-DAF8-400D-883A-CFB37EB86767}"
EndProject
Global
	GlobalSection(SolutionConfigurationPlatforms) = preSolution
		Debug|Any CPU = Debug|Any CPU
		Release|Any CPU = Release|Any CPU
	EndGlobalSection
	GlobalSection(ProjectConfigurationPlatforms) = postSolution
		{F50C240D-7A78-4D49-8866-2BB2D52074A9}.Debug|Any CPU.ActiveCfg = Debug|Any CPU
		{F50C240D-7A78-4D49-8866-2BB2D52074A9}.Debug|Any CPU.Build.0 = Debug|Any CPU
		{F50C240D-7A78-4D49-8866-2BB2D52074A9}.Release|Any CPU.ActiveCfg = Release|Any CPU
		{F50C240D-7A78-4D49-8866-2BB2D52074A9}.Release|Any CPU.Build.0 = Release|Any CPU
		{78D7280E-FE64-4EFC-8930-3059A4671871}.Debug|Any CPU.ActiveCfg = Debug|Any CPU
		{78D7280E-FE64-4EFC-8930-3059A4671871}.Debug|Any CPU.Build.0 = Debug|Any CPU
		{78D7280E-FE64-4EFC-8930-3059A4671871}.Release|Any CPU.ActiveCfg = Release|Any CPU
		{78D7280E-FE64-4EFC-8930-3059A4671871}.Release|Any CPU.Build.0 = Release|Any CPU
		{E73C3E9D-DAF8-400D-883A-CFB37EB86767}.Debug|Any CPU.ActiveCfg = Debug|Any CPU
		{E73C3E9D-DAF8-400D-883A-CFB37EB86767}.Debug|Any CPU.Build.0 = Debug|Any CPU
		{E73C3E9D-DAF8-400D-883A-CFB37EB86767}.Release|Any CPU.ActiveCfg = Release|Any CPU
		{E73C3E9D-DAF8-400D-883A-CFB37EB86767}.Release|Any CPU.Build.0 = Release|Any CPU
	EndGlobalSection
	GlobalSection(SolutionProperties) = preSolution
		HideSolutionNode = FALSE
	EndGlobalSection
	GlobalSection(ExtensibilityGlobals) = postSolution
		SolutionGuid = {09A535E4-5C13-486C-830E-2773431F38C8}
	EndGlobalSection
EndGlobal
